
Microsoft Visual Studio Solution File, Format Version 12.00
Project("{F2A71F9B-5D33-465A-A702-920D77279786}") = "library", "library\library.fsproj", "{9619E21A-41F2-43E8-A654-BD1EE02634DC}"
EndProject
Project("{F2A71F9B-5D33-465A-A702-920D77279786}") = "LibraryTests", "LibraryTests\LibraryTests.fsproj", "{F52E4314-196C-43EE-AC42-7CBE05280EDE}"
EndProject
Global
	GlobalSection(SolutionConfigurationPlatforms) = preSolution
		Debug|Any CPU = Debug|Any CPU
		Release|Any CPU = Release|Any CPU
	EndGlobalSection
	GlobalSection(ProjectConfigurationPlatforms) = postSolution
		{9619E21A-41F2-43E8-A654-BD1EE02634DC}.Debug|Any CPU.ActiveCfg = Debug|Any CPU
		{9619E21A-41F2-43E8-A654-BD1EE02634DC}.Debug|Any CPU.Build.0 = Debug|Any CPU
		{9619E21A-41F2-43E8-A654-BD1EE02634DC}.Release|Any CPU.ActiveCfg = Release|Any CPU
		{9619E21A-41F2-43E8-A654-BD1EE02634DC}.Release|Any CPU.Build.0 = Release|Any CPU
		{F52E4314-196C-43EE-AC42-7CBE05280EDE}.Debug|Any CPU.ActiveCfg = Debug|Any CPU
		{F52E4314-196C-43EE-AC42-7CBE05280EDE}.Debug|Any CPU.Build.0 = Debug|Any CPU
		{F52E4314-196C-43EE-AC42-7CBE05280EDE}.Release|Any CPU.ActiveCfg = Release|Any CPU
		{F52E4314-196C-43EE-AC42-7CBE05280EDE}.Release|Any CPU.Build.0 = Release|Any CPU
	EndGlobalSection
EndGlobal
